
Microsoft Visual Studio Solution File, Format Version 12.00
# Visual Studio Version 16
VisualStudioVersion = 16.0.31729.503
MinimumVisualStudioVersion = 10.0.40219.1
Project("{FAE04EC0-301F-11D3-BF4B-00C04F79EFBC}") = "AppMatrizExercicio02", "AppMatrizExercicio02.csproj", "{AB30DD38-2F66-495E-A097-134A7384B124}"
EndProject
Global
	GlobalSection(SolutionConfigurationPlatforms) = preSolution
		Debug|Any CPU = Debug|Any CPU
		Release|Any CPU = Release|Any CPU
	EndGlobalSection
	GlobalSection(ProjectConfigurationPlatforms) = postSolution
		{AB30DD38-2F66-495E-A097-134A7384B124}.Debug|Any CPU.ActiveCfg = Debug|Any CPU
		{AB30DD38-2F66-495E-A097-134A7384B124}.Debug|Any CPU.Build.0 = Debug|Any CPU
		{AB30DD38-2F66-495E-A097-134A7384B124}.Release|Any CPU.ActiveCfg = Release|Any CPU
		{AB30DD38-2F66-495E-A097-134A7384B124}.Release|Any CPU.Build.0 = Release|Any CPU
	EndGlobalSection
	GlobalSection(SolutionProperties) = preSolution
		HideSolutionNode = FALSE
	EndGlobalSection
	GlobalSection(ExtensibilityGlobals) = postSolution
		SolutionGuid = {9FE4A60E-CC32-4353-981C-0437E3716EE6}
	EndGlobalSection
EndGlobal
